// !$*UTF8*$!
{
	archiveVersion = 1;
	classes = {
	};
	objectVersion = 50;
	objects = {

/* Begin PBXBuildFile section */
		45DAD433242C206800A646DE /* AppDelegate.m in Sources */ = {isa = PBXBuildFile; fileRef = 45DAD432242C206800A646DE /* AppDelegate.m */; };
		45DAD436242C206800A646DE /* SceneDelegate.m in Sources */ = {isa = PBXBuildFile; fileRef = 45DAD435242C206800A646DE /* SceneDelegate.m */; };
		45DAD43C242C206800A646DE /* Main.storyboard in Resources */ = {isa = PBXBuildFile; fileRef = 45DAD43A242C206800A646DE /* Main.storyboard */; };
		45DAD43E242C206A00A646DE /* Assets.xcassets in Resources */ = {isa = PBXBuildFile; fileRef = 45DAD43D242C206A00A646DE /* Assets.xcassets */; };
		45DAD441242C206A00A646DE /* LaunchScreen.storyboard in Resources */ = {isa = PBXBuildFile; fileRef = 45DAD43F242C206A00A646DE /* LaunchScreen.storyboard */; };
		45DAD444242C206A00A646DE /* main.m in Sources */ = {isa = PBXBuildFile; fileRef = 45DAD443242C206A00A646DE /* main.m */; };
		45DAD44D242C2A2D00A646DE /* PEIContactsTableViewController.m in Sources */ = {isa = PBXBuildFile; fileRef = 45DAD44C242C2A2D00A646DE /* PEIContactsTableViewController.m */; };
		45DAD450242C2A5100A646DE /* PEIContactsDetailViewController.m in Sources */ = {isa = PBXBuildFile; fileRef = 45DAD44F242C2A5100A646DE /* PEIContactsDetailViewController.m */; };
		45DAD454242C2C5700A646DE /* PEIContact.m in Sources */ = {isa = PBXBuildFile; fileRef = 45DAD453242C2C5700A646DE /* PEIContact.m */; };
		45DAD458242C2F8A00A646DE /* PEIContactController.m in Sources */ = {isa = PBXBuildFile; fileRef = 45DAD457242C2F8A00A646DE /* PEIContactController.m */; };
/* End PBXBuildFile section */

/* Begin PBXFileReference section */
		45DAD42E242C206800A646DE /* PEIContatcs-xcode.app */ = {isa = PBXFileReference; explicitFileType = wrapper.application; includeInIndex = 0; path = "PEIContatcs-xcode.app"; sourceTree = BUILT_PRODUCTS_DIR; };
		45DAD431242C206800A646DE /* AppDelegate.h */ = {isa = PBXFileReference; lastKnownFileType = sourcecode.c.h; path = AppDelegate.h; sourceTree = "<group>"; };
		45DAD432242C206800A646DE /* AppDelegate.m */ = {isa = PBXFileReference; lastKnownFileType = sourcecode.c.objc; path = AppDelegate.m; sourceTree = "<group>"; };
		45DAD434242C206800A646DE /* SceneDelegate.h */ = {isa = PBXFileReference; lastKnownFileType = sourcecode.c.h; path = SceneDelegate.h; sourceTree = "<group>"; };
		45DAD435242C206800A646DE /* SceneDelegate.m */ = {isa = PBXFileReference; lastKnownFileType = sourcecode.c.objc; path = SceneDelegate.m; sourceTree = "<group>"; };
		45DAD43B242C206800A646DE /* Base */ = {isa = PBXFileReference; lastKnownFileType = file.storyboard; name = Base; path = Base.lproj/Main.storyboard; sourceTree = "<group>"; };
		45DAD43D242C206A00A646DE /* Assets.xcassets */ = {isa = PBXFileReference; lastKnownFileType = folder.assetcatalog; path = Assets.xcassets; sourceTree = "<group>"; };
		45DAD440242C206A00A646DE /* Base */ = {isa = PBXFileReference; lastKnownFileType = file.storyboard; name = Base; path = Base.lproj/LaunchScreen.storyboard; sourceTree = "<group>"; };
		45DAD442242C206A00A646DE /* Info.plist */ = {isa = PBXFileReference; lastKnownFileType = text.plist.xml; path = Info.plist; sourceTree = "<group>"; };
		45DAD443242C206A00A646DE /* main.m */ = {isa = PBXFileReference; lastKnownFileType = sourcecode.c.objc; path = main.m; sourceTree = "<group>"; };
		45DAD44B242C2A2D00A646DE /* PEIContactsTableViewController.h */ = {isa = PBXFileReference; lastKnownFileType = sourcecode.c.h; path = PEIContactsTableViewController.h; sourceTree = "<group>"; };
		45DAD44C242C2A2D00A646DE /* PEIContactsTableViewController.m */ = {isa = PBXFileReference; lastKnownFileType = sourcecode.c.objc; path = PEIContactsTableViewController.m; sourceTree = "<group>"; };
		45DAD44E242C2A5100A646DE /* PEIContactsDetailViewController.h */ = {isa = PBXFileReference; lastKnownFileType = sourcecode.c.h; path = PEIContactsDetailViewController.h; sourceTree = "<group>"; };
		45DAD44F242C2A5100A646DE /* PEIContactsDetailViewController.m */ = {isa = PBXFileReference; lastKnownFileType = sourcecode.c.objc; path = PEIContactsDetailViewController.m; sourceTree = "<group>"; };
		45DAD452242C2C5700A646DE /* PEIContact.h */ = {isa = PBXFileReference; lastKnownFileType = sourcecode.c.h; path = PEIContact.h; sourceTree = "<group>"; };
		45DAD453242C2C5700A646DE /* PEIContact.m */ = {isa = PBXFileReference; lastKnownFileType = sourcecode.c.objc; path = PEIContact.m; sourceTree = "<group>"; };
		45DAD456242C2F8A00A646DE /* PEIContactController.h */ = {isa = PBXFileReference; lastKnownFileType = sourcecode.c.h; path = PEIContactController.h; sourceTree = "<group>"; };
		45DAD457242C2F8A00A646DE /* PEIContactController.m */ = {isa = PBXFileReference; lastKnownFileType = sourcecode.c.objc; path = PEIContactController.m; sourceTree = "<group>"; };
/* End PBXFileReference section */

/* Begin PBXFrameworksBuildPhase section */
		45DAD42B242C206800A646DE /* Frameworks */ = {
			isa = PBXFrameworksBuildPhase;
			buildActionMask = 2147483647;
			files = (
			);
			runOnlyForDeploymentPostprocessing = 0;
		};
/* End PBXFrameworksBuildPhase section */

/* Begin PBXGroup section */
		45DAD425242C206800A646DE = {
			isa = PBXGroup;
			children = (
				45DAD430242C206800A646DE /* PEIContatcs-xcode */,
				45DAD42F242C206800A646DE /* Products */,
			);
			sourceTree = "<group>";
		};
		45DAD42F242C206800A646DE /* Products */ = {
			isa = PBXGroup;
			children = (
				45DAD42E242C206800A646DE /* PEIContatcs-xcode.app */,
			);
			name = Products;
			sourceTree = "<group>";
		};
		45DAD430242C206800A646DE /* PEIContatcs-xcode */ = {
			isa = PBXGroup;
			children = (
				45DAD455242C2DE300A646DE /* Model Controller */,
				45DAD451242C2C2F00A646DE /* Model */,
				45DAD44A242C29B100A646DE /* New Group */,
				45DAD431242C206800A646DE /* AppDelegate.h */,
				45DAD432242C206800A646DE /* AppDelegate.m */,
				45DAD434242C206800A646DE /* SceneDelegate.h */,
				45DAD435242C206800A646DE /* SceneDelegate.m */,
				45DAD43A242C206800A646DE /* Main.storyboard */,
				45DAD43D242C206A00A646DE /* Assets.xcassets */,
				45DAD43F242C206A00A646DE /* LaunchScreen.storyboard */,
				45DAD442242C206A00A646DE /* Info.plist */,
				45DAD443242C206A00A646DE /* main.m */,
			);
			path = "PEIContatcs-xcode";
			sourceTree = "<group>";
		};
		45DAD44A242C29B100A646DE /* New Group */ = {
			isa = PBXGroup;
			children = (
				45DAD44B242C2A2D00A646DE /* PEIContactsTableViewController.h */,
				45DAD44C242C2A2D00A646DE /* PEIContactsTableViewController.m */,
				45DAD44E242C2A5100A646DE /* PEIContactsDetailViewController.h */,
				45DAD44F242C2A5100A646DE /* PEIContactsDetailViewController.m */,
			);
			path = "New Group";
			sourceTree = "<group>";
		};
		45DAD451242C2C2F00A646DE /* Model */ = {
			isa = PBXGroup;
			children = (
				45DAD452242C2C5700A646DE /* PEIContact.h */,
				45DAD453242C2C5700A646DE /* PEIContact.m */,
			);
			path = Model;
			sourceTree = "<group>";
		};
		45DAD455242C2DE300A646DE /* Model Controller */ = {
			isa = PBXGroup;
			children = (
				45DAD456242C2F8A00A646DE /* PEIContactController.h */,
				45DAD457242C2F8A00A646DE /* PEIContactController.m */,
			);
			path = "Model Controller";
			sourceTree = "<group>";
		};
/* End PBXGroup section */

/* Begin PBXNativeTarget section */
		45DAD42D242C206800A646DE /* PEIContatcs-xcode */ = {
			isa = PBXNativeTarget;
			buildConfigurationList = 45DAD447242C206A00A646DE /* Build configuration list for PBXNativeTarget "PEIContatcs-xcode" */;
			buildPhases = (
				45DAD42A242C206800A646DE /* Sources */,
				45DAD42B242C206800A646DE /* Frameworks */,
				45DAD42C242C206800A646DE /* Resources */,
			);
			buildRules = (
			);
			dependencies = (
			);
			name = "PEIContatcs-xcode";
			productName = "PEIContatcs-xcode";
			productReference = 45DAD42E242C206800A646DE /* PEIContatcs-xcode.app */;
			productType = "com.apple.product-type.application";
		};
/* End PBXNativeTarget section */

/* Begin PBXProject section */
		45DAD426242C206800A646DE /* Project object */ = {
			isa = PBXProject;
			attributes = {
				LastUpgradeCheck = 1130;
				ORGANIZATIONNAME = "Lambda School";
				TargetAttributes = {
					45DAD42D242C206800A646DE = {
						CreatedOnToolsVersion = 11.3.1;
					};
				};
			};
			buildConfigurationList = 45DAD429242C206800A646DE /* Build configuration list for PBXProject "PEIContatcs-xcode" */;
			compatibilityVersion = "Xcode 9.3";
			developmentRegion = en;
			hasScannedForEncodings = 0;
			knownRegions = (
				en,
				Base,
			);
			mainGroup = 45DAD425242C206800A646DE;
			productRefGroup = 45DAD42F242C206800A646DE /* Products */;
			projectDirPath = "";
			projectRoot = "";
			targets = (
				45DAD42D242C206800A646DE /* PEIContatcs-xcode */,
			);
		};
/* End PBXProject section */

/* Begin PBXResourcesBuildPhase section */
		45DAD42C242C206800A646DE /* Resources */ = {
			isa = PBXResourcesBuildPhase;
			buildActionMask = 2147483647;
			files = (
				45DAD441242C206A00A646DE /* LaunchScreen.storyboard in Resources */,
				45DAD43E242C206A00A646DE /* Assets.xcassets in Resources */,
				45DAD43C242C206800A646DE /* Main.storyboard in Resources */,
			);
			runOnlyForDeploymentPostprocessing = 0;
		};
/* End PBXResourcesBuildPhase section */

/* Begin PBXSourcesBuildPhase section */
		45DAD42A242C206800A646DE /* Sources */ = {
			isa = PBXSourcesBuildPhase;
			buildActionMask = 2147483647;
			files = (
				45DAD433242C206800A646DE /* AppDelegate.m in Sources */,
				45DAD444242C206A00A646DE /* main.m in Sources */,
				45DAD450242C2A5100A646DE /* PEIContactsDetailViewController.m in Sources */,
				45DAD436242C206800A646DE /* SceneDelegate.m in Sources */,
				45DAD44D242C2A2D00A646DE /* PEIContactsTableViewController.m in Sources */,
				45DAD458242C2F8A00A646DE /* PEIContactController.m in Sources */,
				45DAD454242C2C5700A646DE /* PEIContact.m in Sources */,
			);
			runOnlyForDeploymentPostprocessing = 0;
		};
/* End PBXSourcesBuildPhase section */

/* Begin PBXVariantGroup section */
		45DAD43A242C206800A646DE /* Main.storyboard */ = {
			isa = PBXVariantGroup;
			children = (
				45DAD43B242C206800A646DE /* Base */,
			);
			name = Main.storyboard;
			sourceTree = "<group>";
		};
		45DAD43F242C206A00A646DE /* LaunchScreen.storyboard */ = {
			isa = PBXVariantGroup;
			children = (
				45DAD440242C206A00A646DE /* Base */,
			);
			name = LaunchScreen.storyboard;
			sourceTree = "<group>";
		};
/* End PBXVariantGroup section */

/* Begin XCBuildConfiguration section */
		45DAD445242C206A00A646DE /* Debug */ = {
			isa = XCBuildConfiguration;
			buildSettings = {
				ALWAYS_SEARCH_USER_PATHS = NO;
				CLANG_ANALYZER_NONNULL = YES;
				CLANG_ANALYZER_NUMBER_OBJECT_CONVERSION = YES_AGGRESSIVE;
				CLANG_CXX_LANGUAGE_STANDARD = "gnu++14";
				CLANG_CXX_LIBRARY = "libc++";
				CLANG_ENABLE_MODULES = YES;
				CLANG_ENABLE_OBJC_ARC = YES;
				CLANG_ENABLE_OBJC_WEAK = YES;
				CLANG_WARN_BLOCK_CAPTURE_AUTORELEASING = YES;
				CLANG_WARN_BOOL_CONVERSION = YES;
				CLANG_WARN_COMMA = YES;
				CLANG_WARN_CONSTANT_CONVERSION = YES;
				CLANG_WARN_DEPRECATED_OBJC_IMPLEMENTATIONS = YES;
				CLANG_WARN_DIRECT_OBJC_ISA_USAGE = YES_ERROR;
				CLANG_WARN_DOCUMENTATION_COMMENTS = YES;
				CLANG_WARN_EMPTY_BODY = YES;
				CLANG_WARN_ENUM_CONVERSION = YES;
				CLANG_WARN_INFINITE_RECURSION = YES;
				CLANG_WARN_INT_CONVERSION = YES;
				CLANG_WARN_NON_LITERAL_NULL_CONVERSION = YES;
				CLANG_WARN_OBJC_IMPLICIT_RETAIN_SELF = YES;
				CLANG_WARN_OBJC_LITERAL_CONVERSION = YES;
				CLANG_WARN_OBJC_ROOT_CLASS = YES_ERROR;
				CLANG_WARN_RANGE_LOOP_ANALYSIS = YES;
				CLANG_WARN_STRICT_PROTOTYPES = YES;
				CLANG_WARN_SUSPICIOUS_MOVE = YES;
				CLANG_WARN_UNGUARDED_AVAILABILITY = YES_AGGRESSIVE;
				CLANG_WARN_UNREACHABLE_CODE = YES;
				CLANG_WARN__DUPLICATE_METHOD_MATCH = YES;
				COPY_PHASE_STRIP = NO;
				DEBUG_INFORMATION_FORMAT = dwarf;
				ENABLE_STRICT_OBJC_MSGSEND = YES;
				ENABLE_TESTABILITY = YES;
				GCC_C_LANGUAGE_STANDARD = gnu11;
				GCC_DYNAMIC_NO_PIC = NO;
				GCC_NO_COMMON_BLOCKS = YES;
				GCC_OPTIMIZATION_LEVEL = 0;
				GCC_PREPROCESSOR_DEFINITIONS = (
					"DEBUG=1",
					"$(inherited)",
				);
				GCC_WARN_64_TO_32_BIT_CONVERSION = YES;
				GCC_WARN_ABOUT_RETURN_TYPE = YES_ERROR;
				GCC_WARN_UNDECLARED_SELECTOR = YES;
				GCC_WARN_UNINITIALIZED_AUTOS = YES_AGGRESSIVE;
				GCC_WARN_UNUSED_FUNCTION = YES;
				GCC_WARN_UNUSED_VARIABLE = YES;
				IPHONEOS_DEPLOYMENT_TARGET = 13.2;
				MTL_ENABLE_DEBUG_INFO = INCLUDE_SOURCE;
				MTL_FAST_MATH = YES;
				ONLY_ACTIVE_ARCH = YES;
				SDKROOT = iphoneos;
			};
			name = Debug;
		};
		45DAD446242C206A00A646DE /* Release */ = {
			isa = XCBuildConfiguration;
			buildSettings = {
				ALWAYS_SEARCH_USER_PATHS = NO;
				CLANG_ANALYZER_NONNULL = YES;
				CLANG_ANALYZER_NUMBER_OBJECT_CONVERSION = YES_AGGRESSIVE;
				CLANG_CXX_LANGUAGE_STANDARD = "gnu++14";
				CLANG_CXX_LIBRARY = "libc++";
				CLANG_ENABLE_MODULES = YES;
				CLANG_ENABLE_OBJC_ARC = YES;
				CLANG_ENABLE_OBJC_WEAK = YES;
				CLANG_WARN_BLOCK_CAPTURE_AUTORELEASING = YES;
				CLANG_WARN_BOOL_CONVERSION = YES;
				CLANG_WARN_COMMA = YES;
				CLANG_WARN_CONSTANT_CONVERSION = YES;
				CLANG_WARN_DEPRECATED_OBJC_IMPLEMENTATIONS = YES;
				CLANG_WARN_DIRECT_OBJC_ISA_USAGE = YES_ERROR;
				CLANG_WARN_DOCUMENTATION_COMMENTS = YES;
				CLANG_WARN_EMPTY_BODY = YES;
				CLANG_WARN_ENUM_CONVERSION = YES;
				CLANG_WARN_INFINITE_RECURSION = YES;
				CLANG_WARN_INT_CONVERSION = YES;
				CLANG_WARN_NON_LITERAL_NULL_CONVERSION = YES;
				CLANG_WARN_OBJC_IMPLICIT_RETAIN_SELF = YES;
				CLANG_WARN_OBJC_LITERAL_CONVERSION = YES;
				CLANG_WARN_OBJC_ROOT_CLASS = YES_ERROR;
				CLANG_WARN_RANGE_LOOP_ANALYSIS = YES;
				CLANG_WARN_STRICT_PROTOTYPES = YES;
				CLANG_WARN_SUSPICIOUS_MOVE = YES;
				CLANG_WARN_UNGUARDED_AVAILABILITY = YES_AGGRESSIVE;
				CLANG_WARN_UNREACHABLE_CODE = YES;
				CLANG_WARN__DUPLICATE_METHOD_MATCH = YES;
				COPY_PHASE_STRIP = NO;
				DEBUG_INFORMATION_FORMAT = "dwarf-with-dsym";
				ENABLE_NS_ASSERTIONS = NO;
				ENABLE_STRICT_OBJC_MSGSEND = YES;
				GCC_C_LANGUAGE_STANDARD = gnu11;
				GCC_NO_COMMON_BLOCKS = YES;
				GCC_WARN_64_TO_32_BIT_CONVERSION = YES;
				GCC_WARN_ABOUT_RETURN_TYPE = YES_ERROR;
				GCC_WARN_UNDECLARED_SELECTOR = YES;
				GCC_WARN_UNINITIALIZED_AUTOS = YES_AGGRESSIVE;
				GCC_WARN_UNUSED_FUNCTION = YES;
				GCC_WARN_UNUSED_VARIABLE = YES;
				IPHONEOS_DEPLOYMENT_TARGET = 13.2;
				MTL_ENABLE_DEBUG_INFO = NO;
				MTL_FAST_MATH = YES;
				SDKROOT = iphoneos;
				VALIDATE_PRODUCT = YES;
			};
			name = Release;
		};
		45DAD448242C206A00A646DE /* Debug */ = {
			isa = XCBuildConfiguration;
			buildSettings = {
				ASSETCATALOG_COMPILER_APPICON_NAME = AppIcon;
				CLANG_ENABLE_OBJC_ARC = NO;
				CODE_SIGN_STYLE = Automatic;
				INFOPLIST_FILE = "PEIContatcs-xcode/Info.plist";
				LD_RUNPATH_SEARCH_PATHS = (
					"$(inherited)",
					"@executable_path/Frameworks",
				);
				PRODUCT_BUNDLE_IDENTIFIER = "com.flash.PEIContatcs-xcode";
				PRODUCT_NAME = "$(TARGET_NAME)";
				TARGETED_DEVICE_FAMILY = "1,2";
			};
			name = Debug;
		};
		45DAD449242C206A00A646DE /* Release */ = {
			isa = XCBuildConfiguration;
			buildSettings = {
				ASSETCATALOG_COMPILER_APPICON_NAME = AppIcon;
				CLANG_ENABLE_OBJC_ARC = NO;
				CODE_SIGN_STYLE = Automatic;
				INFOPLIST_FILE = "PEIContatcs-xcode/Info.plist";
				LD_RUNPATH_SEARCH_PATHS = (
					"$(inherited)",
					"@executable_path/Frameworks",
				);
				PRODUCT_BUNDLE_IDENTIFIER = "com.flash.PEIContatcs-xcode";
				PRODUCT_NAME = "$(TARGET_NAME)";
				TARGETED_DEVICE_FAMILY = "1,2";
			};
			name = Release;
		};
/* End XCBuildConfiguration section */

/* Begin XCConfigurationList section */
		45DAD429242C206800A646DE /* Build configuration list for PBXProject "PEIContatcs-xcode" */ = {
			isa = XCConfigurationList;
			buildConfigurations = (
				45DAD445242C206A00A646DE /* Debug */,
				45DAD446242C206A00A646DE /* Release */,
			);
			defaultConfigurationIsVisible = 0;
			defaultConfigurationName = Release;
		};
		45DAD447242C206A00A646DE /* Build configuration list for PBXNativeTarget "PEIContatcs-xcode" */ = {
			isa = XCConfigurationList;
			buildConfigurations = (
				45DAD448242C206A00A646DE /* Debug */,
				45DAD449242C206A00A646DE /* Release */,
			);
			defaultConfigurationIsVisible = 0;
			defaultConfigurationName = Release;
		};
/* End XCConfigurationList section */
	};
	rootObject = 45DAD426242C206800A646DE /* Project object */;
}
